
Microsoft Visual Studio Solution File, Format Version 12.00
# Visual Studio Version 17
VisualStudioVersion = 17.0.31912.275
MinimumVisualStudioVersion = 10.0.40219.1
Project("{9A19103F-16F7-4668-BE54-9A1E7A4F7556}") = "MBBSEmu", "MBBSEmu\MBBSEmu.csproj", "{D2455C16-2937-45FC-AC5F-10A3734AFED4}"
EndProject
Project("{2150E333-8FDC-42A3-9474-1A3956D46DE8}") = "Solution Items", "Solution Items", "{D8C9ECC5-DE2F-4F08-8FF1-F39E04156DEE}"
	ProjectSection(SolutionItems) = preProject
		azure-pipelines.yml = azure-pipelines.yml
		README.md = README.md
	EndProjectSection
EndProject
Project("{9A19103F-16F7-4668-BE54-9A1E7A4F7556}") = "MBBSEmu.Tests", "MBBSEmu.Tests\MBBSEmu.Tests.csproj", "{C43FA321-E88C-4769-8C4B-BA21FFE11DA3}"
EndProject
Project("{9A19103F-16F7-4668-BE54-9A1E7A4F7556}") = "MBBSEmu.CPU.Benchmark", "MBBSEmu.CPU.Benchmark\MBBSEmu.CPU.Benchmark.csproj", "{C472176B-E917-4754-A896-1295E45D3628}"
EndProject
Project("{9A19103F-16F7-4668-BE54-9A1E7A4F7556}") = "MBBSDatabase", "MBBSDatabase\MBBSDatabase.csproj", "{992BCCF5-8448-4662-8358-9767427E17E8}"
EndProject
Project("{9A19103F-16F7-4668-BE54-9A1E7A4F7556}") = "MBBSEmu.Btrieve", "MBBSEmu.Btrieve\src\MBBSEmu.Btrieve\MBBSEmu.Btrieve.csproj", "{10F2A171-4B60-4858-A829-2B500CFB2BE8}"
EndProject
Project("{9A19103F-16F7-4668-BE54-9A1E7A4F7556}") = "MBBSEmu.Btrieve.Tests", "MBBSEmu.Btrieve\src\MBBSEmu.Btrieve.Tests\MBBSEmu.Btrieve.Tests.csproj", "{5A3EC9E5-0DDE-4D69-8148-B4E72076A1AA}"
EndProject
Global
	GlobalSection(SolutionConfigurationPlatforms) = preSolution
		Debug|Any CPU = Debug|Any CPU
		Debug|x64 = Debug|x64
		Debug|x86 = Debug|x86
		Release|Any CPU = Release|Any CPU
		Release|x64 = Release|x64
		Release|x86 = Release|x86
	EndGlobalSection
	GlobalSection(ProjectConfigurationPlatforms) = postSolution
		{D2455C16-2937-45FC-AC5F-10A3734AFED4}.Debug|Any CPU.ActiveCfg = Debug|Any CPU
		{D2455C16-2937-45FC-AC5F-10A3734AFED4}.Debug|Any CPU.Build.0 = Debug|Any CPU
		{D2455C16-2937-45FC-AC5F-10A3734AFED4}.Debug|x64.ActiveCfg = Debug|Any CPU
		{D2455C16-2937-45FC-AC5F-10A3734AFED4}.Debug|x64.Build.0 = Debug|Any CPU
		{D2455C16-2937-45FC-AC5F-10A3734AFED4}.Debug|x86.ActiveCfg = Debug|Any CPU
		{D2455C16-2937-45FC-AC5F-10A3734AFED4}.Debug|x86.Build.0 = Debug|Any CPU
		{D2455C16-2937-45FC-AC5F-10A3734AFED4}.Release|Any CPU.ActiveCfg = Release|Any CPU
		{D2455C16-2937-45FC-AC5F-10A3734AFED4}.Release|Any CPU.Build.0 = Release|Any CPU
		{D2455C16-2937-45FC-AC5F-10A3734AFED4}.Release|x64.ActiveCfg = Release|Any CPU
		{D2455C16-2937-45FC-AC5F-10A3734AFED4}.Release|x64.Build.0 = Release|Any CPU
		{D2455C16-2937-45FC-AC5F-10A3734AFED4}.Release|x86.ActiveCfg = Release|Any CPU
		{D2455C16-2937-45FC-AC5F-10A3734AFED4}.Release|x86.Build.0 = Release|Any CPU
		{C43FA321-E88C-4769-8C4B-BA21FFE11DA3}.Debug|Any CPU.ActiveCfg = Debug|Any CPU
		{C43FA321-E88C-4769-8C4B-BA21FFE11DA3}.Debug|Any CPU.Build.0 = Debug|Any CPU
		{C43FA321-E88C-4769-8C4B-BA21FFE11DA3}.Debug|x64.ActiveCfg = Debug|Any CPU
		{C43FA321-E88C-4769-8C4B-BA21FFE11DA3}.Debug|x64.Build.0 = Debug|Any CPU
		{C43FA321-E88C-4769-8C4B-BA21FFE11DA3}.Debug|x86.ActiveCfg = Debug|Any CPU
		{C43FA321-E88C-4769-8C4B-BA21FFE11DA3}.Debug|x86.Build.0 = Debug|Any CPU
		{C43FA321-E88C-4769-8C4B-BA21FFE11DA3}.Release|Any CPU.ActiveCfg = Release|Any CPU
		{C43FA321-E88C-4769-8C4B-BA21FFE11DA3}.Release|Any CPU.Build.0 = Release|Any CPU
		{C43FA321-E88C-4769-8C4B-BA21FFE11DA3}.Release|x64.ActiveCfg = Release|Any CPU
		{C43FA321-E88C-4769-8C4B-BA21FFE11DA3}.Release|x64.Build.0 = Release|Any CPU
		{C43FA321-E88C-4769-8C4B-BA21FFE11DA3}.Release|x86.ActiveCfg = Release|Any CPU
		{C43FA321-E88C-4769-8C4B-BA21FFE11DA3}.Release|x86.Build.0 = Release|Any CPU
		{C472176B-E917-4754-A896-1295E45D3628}.Debug|Any CPU.ActiveCfg = Debug|Any CPU
		{C472176B-E917-4754-A896-1295E45D3628}.Debug|Any CPU.Build.0 = Debug|Any CPU
		{C472176B-E917-4754-A896-1295E45D3628}.Debug|x64.ActiveCfg = Debug|Any CPU
		{C472176B-E917-4754-A896-1295E45D3628}.Debug|x64.Build.0 = Debug|Any CPU
		{C472176B-E917-4754-A896-1295E45D3628}.Debug|x86.ActiveCfg = Debug|Any CPU
		{C472176B-E917-4754-A896-1295E45D3628}.Debug|x86.Build.0 = Debug|Any CPU
		{C472176B-E917-4754-A896-1295E45D3628}.Release|Any CPU.ActiveCfg = Release|Any CPU
		{C472176B-E917-4754-A896-1295E45D3628}.Release|Any CPU.Build.0 = Release|Any CPU
		{C472176B-E917-4754-A896-1295E45D3628}.Release|x64.ActiveCfg = Release|Any CPU
		{C472176B-E917-4754-A896-1295E45D3628}.Release|x64.Build.0 = Release|Any CPU
		{C472176B-E917-4754-A896-1295E45D3628}.Release|x86.ActiveCfg = Release|Any CPU
		{C472176B-E917-4754-A896-1295E45D3628}.Release|x86.Build.0 = Release|Any CPU
		{992BCCF5-8448-4662-8358-9767427E17E8}.Debug|Any CPU.ActiveCfg = Debug|Any CPU
		{992BCCF5-8448-4662-8358-9767427E17E8}.Debug|Any CPU.Build.0 = Debug|Any CPU
		{992BCCF5-8448-4662-8358-9767427E17E8}.Debug|x64.ActiveCfg = Debug|Any CPU
		{992BCCF5-8448-4662-8358-9767427E17E8}.Debug|x64.Build.0 = Debug|Any CPU
		{992BCCF5-8448-4662-8358-9767427E17E8}.Debug|x86.ActiveCfg = Debug|Any CPU
		{992BCCF5-8448-4662-8358-9767427E17E8}.Debug|x86.Build.0 = Debug|Any CPU
		{992BCCF5-8448-4662-8358-9767427E17E8}.Release|Any CPU.ActiveCfg = Release|Any CPU
		{992BCCF5-8448-4662-8358-9767427E17E8}.Release|Any CPU.Build.0 = Release|Any CPU
		{992BCCF5-8448-4662-8358-9767427E17E8}.Release|x64.ActiveCfg = Release|Any CPU
		{992BCCF5-8448-4662-8358-9767427E17E8}.Release|x64.Build.0 = Release|Any CPU
		{992BCCF5-8448-4662-8358-9767427E17E8}.Release|x86.ActiveCfg = Release|Any CPU
		{992BCCF5-8448-4662-8358-9767427E17E8}.Release|x86.Build.0 = Release|Any CPU
		{10F2A171-4B60-4858-A829-2B500CFB2BE8}.Debug|Any CPU.ActiveCfg = Debug|Any CPU
		{10F2A171-4B60-4858-A829-2B500CFB2BE8}.Debug|Any CPU.Build.0 = Debug|Any CPU
		{10F2A171-4B60-4858-A829-2B500CFB2BE8}.Debug|x64.ActiveCfg = Debug|Any CPU
		{10F2A171-4B60-4858-A829-2B500CFB2BE8}.Debug|x64.Build.0 = Debug|Any CPU
		{10F2A171-4B60-4858-A829-2B500CFB2BE8}.Debug|x86.ActiveCfg = Debug|Any CPU
		{10F2A171-4B60-4858-A829-2B500CFB2BE8}.Debug|x86.Build.0 = Debug|Any CPU
		{10F2A171-4B60-4858-A829-2B500CFB2BE8}.Release|Any CPU.ActiveCfg = Release|Any CPU
		{10F2A171-4B60-4858-A829-2B500CFB2BE8}.Release|Any CPU.Build.0 = Release|Any CPU
		{10F2A171-4B60-4858-A829-2B500CFB2BE8}.Release|x64.ActiveCfg = Release|Any CPU
		{10F2A171-4B60-4858-A829-2B500CFB2BE8}.Release|x64.Build.0 = Release|Any CPU
		{10F2A171-4B60-4858-A829-2B500CFB2BE8}.Release|x86.ActiveCfg = Release|Any CPU
		{10F2A171-4B60-4858-A829-2B500CFB2BE8}.Release|x86.Build.0 = Release|Any CPU
		{5A3EC9E5-0DDE-4D69-8148-B4E72076A1AA}.Debug|Any CPU.ActiveCfg = Debug|Any CPU
		{5A3EC9E5-0DDE-4D69-8148-B4E72076A1AA}.Debug|Any CPU.Build.0 = Debug|Any CPU
		{5A3EC9E5-0DDE-4D69-8148-B4E72076A1AA}.Debug|x64.ActiveCfg = Debug|Any CPU
		{5A3EC9E5-0DDE-4D69-8148-B4E72076A1AA}.Debug|x64.Build.0 = Debug|Any CPU
		{5A3EC9E5-0DDE-4D69-8148-B4E72076A1AA}.Debug|x86.ActiveCfg = Debug|Any CPU
		{5A3EC9E5-0DDE-4D69-8148-B4E72076A1AA}.Debug|x86.Build.0 = Debug|Any CPU
		{5A3EC9E5-0DDE-4D69-8148-B4E72076A1AA}.Release|Any CPU.ActiveCfg = Release|Any CPU
		{5A3EC9E5-0DDE-4D69-8148-B4E72076A1AA}.Release|Any CPU.Build.0 = Release|Any CPU
		{5A3EC9E5-0DDE-4D69-8148-B4E72076A1AA}.Release|x64.ActiveCfg = Release|Any CPU
		{5A3EC9E5-0DDE-4D69-8148-B4E72076A1AA}.Release|x64.Build.0 = Release|Any CPU
		{5A3EC9E5-0DDE-4D69-8148-B4E72076A1AA}.Release|x86.ActiveCfg = Release|Any CPU
		{5A3EC9E5-0DDE-4D69-8148-B4E72076A1AA}.Release|x86.Build.0 = Release|Any CPU
	EndGlobalSection
	GlobalSection(SolutionProperties) = preSolution
		HideSolutionNode = FALSE
	EndGlobalSection
	GlobalSection(ExtensibilityGlobals) = postSolution
		SolutionGuid = {D6E07A88-2843-4BA4-9084-CDF3D5B3802D}
	EndGlobalSection
EndGlobal
