
Microsoft Visual Studio Solution File, Format Version 12.00
# Visual Studio Version 16
VisualStudioVersion = 16.0.29512.175
MinimumVisualStudioVersion = 10.0.40219.1
Project("{9A19103F-16F7-4668-BE54-9A1E7A4F7556}") = "MBBSEmu", "MBBSEmu\MBBSEmu.csproj", "{D2455C16-2937-45FC-AC5F-10A3734AFED4}"
EndProject
Global
	GlobalSection(SolutionConfigurationPlatforms) = preSolution
		Debug|Any CPU = Debug|Any CPU
		Release|Any CPU = Release|Any CPU
	EndGlobalSection
	GlobalSection(ProjectConfigurationPlatforms) = postSolution
		{D2455C16-2937-45FC-AC5F-10A3734AFED4}.Debug|Any CPU.ActiveCfg = Debug|Any CPU
		{D2455C16-2937-45FC-AC5F-10A3734AFED4}.Debug|Any CPU.Build.0 = Debug|Any CPU
		{D2455C16-2937-45FC-AC5F-10A3734AFED4}.Release|Any CPU.ActiveCfg = Release|Any CPU
		{D2455C16-2937-45FC-AC5F-10A3734AFED4}.Release|Any CPU.Build.0 = Release|Any CPU
	EndGlobalSection
	GlobalSection(SolutionProperties) = preSolution
		HideSolutionNode = FALSE
	EndGlobalSection
	GlobalSection(ExtensibilityGlobals) = postSolution
		SolutionGuid = {D6E07A88-2843-4BA4-9084-CDF3D5B3802D}
	EndGlobalSection
EndGlobal
